
Microsoft Visual Studio Solution File, Format Version 12.00
# Visual Studio Version 17
VisualStudioVersion = 17.10.34928.147
MinimumVisualStudioVersion = 10.0.40219.1
Project("{FAE04EC0-301F-11D3-BF4B-00C04F79EFBC}") = "Generic_Collection", "Generic_Collection.csproj", "{48713306-829D-43EC-A0D5-59A8496002DF}"
EndProject
Global
	GlobalSection(SolutionConfigurationPlatforms) = preSolution
		Debug|Any CPU = Debug|Any CPU
		Release|Any CPU = Release|Any CPU
	EndGlobalSection
	GlobalSection(ProjectConfigurationPlatforms) = postSolution
		{48713306-829D-43EC-A0D5-59A8496002DF}.Debug|Any CPU.ActiveCfg = Debug|Any CPU
		{48713306-829D-43EC-A0D5-59A8496002DF}.Debug|Any CPU.Build.0 = Debug|Any CPU
		{48713306-829D-43EC-A0D5-59A8496002DF}.Release|Any CPU.ActiveCfg = Release|Any CPU
		{48713306-829D-43EC-A0D5-59A8496002DF}.Release|Any CPU.Build.0 = Release|Any CPU
	EndGlobalSection
	GlobalSection(SolutionProperties) = preSolution
		HideSolutionNode = FALSE
	EndGlobalSection
	GlobalSection(ExtensibilityGlobals) = postSolution
		SolutionGuid = {FDB1BE80-A1C2-46CD-802E-63C8E475D368}
	EndGlobalSection
EndGlobal
