
Microsoft Visual Studio Solution File, Format Version 12.00
# Visual Studio Version 17
VisualStudioVersion = 17.10.34928.147
MinimumVisualStudioVersion = 10.0.40219.1
Project("{FAE04EC0-301F-11D3-BF4B-00C04F79EFBC}") = "FirstProject", "FirstProject\FirstProject.csproj", "{F8B06615-BD4F-43CB-A051-C35BD2071F6C}"
EndProject
Global
	GlobalSection(SolutionConfigurationPlatforms) = preSolution
		Debug|Any CPU = Debug|Any CPU
		Release|Any CPU = Release|Any CPU
	EndGlobalSection
	GlobalSection(ProjectConfigurationPlatforms) = postSolution
		{F8B06615-BD4F-43CB-A051-C35BD2071F6C}.Debug|Any CPU.ActiveCfg = Debug|Any CPU
		{F8B06615-BD4F-43CB-A051-C35BD2071F6C}.Debug|Any CPU.Build.0 = Debug|Any CPU
		{F8B06615-BD4F-43CB-A051-C35BD2071F6C}.Release|Any CPU.ActiveCfg = Release|Any CPU
		{F8B06615-BD4F-43CB-A051-C35BD2071F6C}.Release|Any CPU.Build.0 = Release|Any CPU
	EndGlobalSection
	GlobalSection(SolutionProperties) = preSolution
		HideSolutionNode = FALSE
	EndGlobalSection
	GlobalSection(ExtensibilityGlobals) = postSolution
		SolutionGuid = {625F8C86-4CBE-4F6D-905D-4D2D84E6BE89}
	EndGlobalSection
EndGlobal
