
Microsoft Visual Studio Solution File, Format Version 12.00
# Visual Studio Version 17
VisualStudioVersion = 17.10.34928.147
MinimumVisualStudioVersion = 10.0.40219.1
Project("{FAE04EC0-301F-11D3-BF4B-00C04F79EFBC}") = "CRUD", "CRUD\CRUD.csproj", "{4AD20E0D-CD48-428C-B058-E5719B260C1A}"
EndProject
Global
	GlobalSection(SolutionConfigurationPlatforms) = preSolution
		Debug|Any CPU = Debug|Any CPU
		Release|Any CPU = Release|Any CPU
	EndGlobalSection
	GlobalSection(ProjectConfigurationPlatforms) = postSolution
		{4AD20E0D-CD48-428C-B058-E5719B260C1A}.Debug|Any CPU.ActiveCfg = Debug|Any CPU
		{4AD20E0D-CD48-428C-B058-E5719B260C1A}.Debug|Any CPU.Build.0 = Debug|Any CPU
		{4AD20E0D-CD48-428C-B058-E5719B260C1A}.Release|Any CPU.ActiveCfg = Release|Any CPU
		{4AD20E0D-CD48-428C-B058-E5719B260C1A}.Release|Any CPU.Build.0 = Release|Any CPU
	EndGlobalSection
	GlobalSection(SolutionProperties) = preSolution
		HideSolutionNode = FALSE
	EndGlobalSection
	GlobalSection(ExtensibilityGlobals) = postSolution
		SolutionGuid = {DB47F930-832F-481B-BCC8-13A5D072DD7A}
	EndGlobalSection
EndGlobal
